
Microsoft Visual Studio Solution File, Format Version 12.00
# Visual Studio Version 17
VisualStudioVersion = 17.2.32616.157
MinimumVisualStudioVersion = 10.0.40219.1
Project("{FAE04EC0-301F-11D3-BF4B-00C04F79EFBC}") = "Method_Overload_Exercise", "Method_Overload_Exercise\Method_Overload_Exercise.csproj", "{7A5AA99B-EAD8-4A26-A54A-D32AB739EF3D}"
EndProject
Global
	GlobalSection(SolutionConfigurationPlatforms) = preSolution
		Debug|Any CPU = Debug|Any CPU
		Release|Any CPU = Release|Any CPU
	EndGlobalSection
	GlobalSection(ProjectConfigurationPlatforms) = postSolution
		{7A5AA99B-EAD8-4A26-A54A-D32AB739EF3D}.Debug|Any CPU.ActiveCfg = Debug|Any CPU
		{7A5AA99B-EAD8-4A26-A54A-D32AB739EF3D}.Debug|Any CPU.Build.0 = Debug|Any CPU
		{7A5AA99B-EAD8-4A26-A54A-D32AB739EF3D}.Release|Any CPU.ActiveCfg = Release|Any CPU
		{7A5AA99B-EAD8-4A26-A54A-D32AB739EF3D}.Release|Any CPU.Build.0 = Release|Any CPU
	EndGlobalSection
	GlobalSection(SolutionProperties) = preSolution
		HideSolutionNode = FALSE
	EndGlobalSection
	GlobalSection(ExtensibilityGlobals) = postSolution
		SolutionGuid = {64901AEC-A852-428D-A04D-506E5AE9ED81}
	EndGlobalSection
EndGlobal
